
Microsoft Visual Studio Solution File, Format Version 12.00
# Visual Studio Version 17
VisualStudioVersion = 17.8.34322.80
MinimumVisualStudioVersion = 10.0.40219.1
Project("{FAE04EC0-301F-11D3-BF4B-00C04F79EFBC}") = "2.Sign Up Form", "2.Sign Up Form.csproj", "{CF2ACB54-B1DA-42F3-96AC-8FDAC995FB1F}"
EndProject
Global
	GlobalSection(SolutionConfigurationPlatforms) = preSolution
		Debug|Any CPU = Debug|Any CPU
		Release|Any CPU = Release|Any CPU
	EndGlobalSection
	GlobalSection(ProjectConfigurationPlatforms) = postSolution
		{CF2ACB54-B1DA-42F3-96AC-8FDAC995FB1F}.Debug|Any CPU.ActiveCfg = Debug|Any CPU
		{CF2ACB54-B1DA-42F3-96AC-8FDAC995FB1F}.Debug|Any CPU.Build.0 = Debug|Any CPU
		{CF2ACB54-B1DA-42F3-96AC-8FDAC995FB1F}.Release|Any CPU.ActiveCfg = Release|Any CPU
		{CF2ACB54-B1DA-42F3-96AC-8FDAC995FB1F}.Release|Any CPU.Build.0 = Release|Any CPU
	EndGlobalSection
	GlobalSection(SolutionProperties) = preSolution
		HideSolutionNode = FALSE
	EndGlobalSection
	GlobalSection(ExtensibilityGlobals) = postSolution
		SolutionGuid = {1B3DD910-EDEB-446C-AD83-49FB8C9AAA72}
	EndGlobalSection
EndGlobal
